
Microsoft Visual Studio Solution File, Format Version 12.00
Project("{FAE04EC0-301F-11D3-BF4B-00C04F79EFBC}") = "Disharp.Core", "Disharp.Core\Disharp.Core.csproj", "{9452152D-7811-450A-B1DA-5F865EE79953}"
EndProject
Project("{FAE04EC0-301F-11D3-BF4B-00C04F79EFBC}") = "Disharp.WebSocket", "Disharp.WebSocket\Disharp.WebSocket.csproj", "{0EEFEA83-DA96-46C9-B12D-766735BF99FF}"
EndProject
Project("{FAE04EC0-301F-11D3-BF4B-00C04F79EFBC}") = "Disharp.Constants", "Disharp.Constants\Disharp.Constants.csproj", "{675979AA-9CAD-480E-B894-3FC1AF273D7F}"
EndProject
Project("{FAE04EC0-301F-11D3-BF4B-00C04F79EFBC}") = "Disharp.Utils", "Disharp.Utils\Disharp.Utils.csproj", "{0F7D0325-1BC7-48E2-BC67-57F19C9892B2}"
EndProject
Project("{FAE04EC0-301F-11D3-BF4B-00C04F79EFBC}") = "Disharp.Tests", "Disharp.Tests\Disharp.Tests.csproj", "{5A55CF9E-1D0E-4945-B1F7-F20381F44354}"
EndProject
Project("{FAE04EC0-301F-11D3-BF4B-00C04F79EFBC}") = "Disharp.Structures", "Disharp.Structures\Disharp.Structures.csproj", "{37B41AA9-3F14-487A-8133-F9B2CA4B2BC7}"
EndProject
Project("{FAE04EC0-301F-11D3-BF4B-00C04F79EFBC}") = "Disharp.Types", "Disharp.Types\Disharp.Types.csproj", "{3110C1BE-E69E-4B64-9B9E-09713087FDBA}"
EndProject
Global
	GlobalSection(SolutionConfigurationPlatforms) = preSolution
		Debug|Any CPU = Debug|Any CPU
		Release|Any CPU = Release|Any CPU
	EndGlobalSection
	GlobalSection(ProjectConfigurationPlatforms) = postSolution
		{9452152D-7811-450A-B1DA-5F865EE79953}.Debug|Any CPU.ActiveCfg = Debug|Any CPU
		{9452152D-7811-450A-B1DA-5F865EE79953}.Debug|Any CPU.Build.0 = Debug|Any CPU
		{9452152D-7811-450A-B1DA-5F865EE79953}.Release|Any CPU.ActiveCfg = Release|Any CPU
		{9452152D-7811-450A-B1DA-5F865EE79953}.Release|Any CPU.Build.0 = Release|Any CPU
		{0EEFEA83-DA96-46C9-B12D-766735BF99FF}.Debug|Any CPU.ActiveCfg = Debug|Any CPU
		{0EEFEA83-DA96-46C9-B12D-766735BF99FF}.Debug|Any CPU.Build.0 = Debug|Any CPU
		{0EEFEA83-DA96-46C9-B12D-766735BF99FF}.Release|Any CPU.ActiveCfg = Release|Any CPU
		{0EEFEA83-DA96-46C9-B12D-766735BF99FF}.Release|Any CPU.Build.0 = Release|Any CPU
		{675979AA-9CAD-480E-B894-3FC1AF273D7F}.Debug|Any CPU.ActiveCfg = Debug|Any CPU
		{675979AA-9CAD-480E-B894-3FC1AF273D7F}.Debug|Any CPU.Build.0 = Debug|Any CPU
		{675979AA-9CAD-480E-B894-3FC1AF273D7F}.Release|Any CPU.ActiveCfg = Release|Any CPU
		{675979AA-9CAD-480E-B894-3FC1AF273D7F}.Release|Any CPU.Build.0 = Release|Any CPU
		{0F7D0325-1BC7-48E2-BC67-57F19C9892B2}.Debug|Any CPU.ActiveCfg = Debug|Any CPU
		{0F7D0325-1BC7-48E2-BC67-57F19C9892B2}.Debug|Any CPU.Build.0 = Debug|Any CPU
		{0F7D0325-1BC7-48E2-BC67-57F19C9892B2}.Release|Any CPU.ActiveCfg = Release|Any CPU
		{0F7D0325-1BC7-48E2-BC67-57F19C9892B2}.Release|Any CPU.Build.0 = Release|Any CPU
		{5A55CF9E-1D0E-4945-B1F7-F20381F44354}.Debug|Any CPU.ActiveCfg = Debug|Any CPU
		{5A55CF9E-1D0E-4945-B1F7-F20381F44354}.Debug|Any CPU.Build.0 = Debug|Any CPU
		{5A55CF9E-1D0E-4945-B1F7-F20381F44354}.Release|Any CPU.ActiveCfg = Release|Any CPU
		{5A55CF9E-1D0E-4945-B1F7-F20381F44354}.Release|Any CPU.Build.0 = Release|Any CPU
		{37B41AA9-3F14-487A-8133-F9B2CA4B2BC7}.Debug|Any CPU.ActiveCfg = Debug|Any CPU
		{37B41AA9-3F14-487A-8133-F9B2CA4B2BC7}.Debug|Any CPU.Build.0 = Debug|Any CPU
		{37B41AA9-3F14-487A-8133-F9B2CA4B2BC7}.Release|Any CPU.ActiveCfg = Release|Any CPU
		{37B41AA9-3F14-487A-8133-F9B2CA4B2BC7}.Release|Any CPU.Build.0 = Release|Any CPU
		{3110C1BE-E69E-4B64-9B9E-09713087FDBA}.Debug|Any CPU.ActiveCfg = Debug|Any CPU
		{3110C1BE-E69E-4B64-9B9E-09713087FDBA}.Debug|Any CPU.Build.0 = Debug|Any CPU
		{3110C1BE-E69E-4B64-9B9E-09713087FDBA}.Release|Any CPU.ActiveCfg = Release|Any CPU
		{3110C1BE-E69E-4B64-9B9E-09713087FDBA}.Release|Any CPU.Build.0 = Release|Any CPU
	EndGlobalSection
EndGlobal
